
Microsoft Visual Studio Solution File, Format Version 12.00
# Visual Studio Version 16
VisualStudioVersion = 16.0.30804.86
MinimumVisualStudioVersion = 10.0.40219.1
Project("{9A19103F-16F7-4668-BE54-9A1E7A4F7556}") = "awa-assignment-2", "awa-assignment-2.csproj", "{ED913FDD-5B81-4B66-A4BC-EB9C120870FC}"
EndProject
Global
	GlobalSection(SolutionConfigurationPlatforms) = preSolution
		Debug|Any CPU = Debug|Any CPU
		Release|Any CPU = Release|Any CPU
	EndGlobalSection
	GlobalSection(ProjectConfigurationPlatforms) = postSolution
		{ED913FDD-5B81-4B66-A4BC-EB9C120870FC}.Debug|Any CPU.ActiveCfg = Debug|Any CPU
		{ED913FDD-5B81-4B66-A4BC-EB9C120870FC}.Debug|Any CPU.Build.0 = Debug|Any CPU
		{ED913FDD-5B81-4B66-A4BC-EB9C120870FC}.Release|Any CPU.ActiveCfg = Release|Any CPU
		{ED913FDD-5B81-4B66-A4BC-EB9C120870FC}.Release|Any CPU.Build.0 = Release|Any CPU
	EndGlobalSection
	GlobalSection(SolutionProperties) = preSolution
		HideSolutionNode = FALSE
	EndGlobalSection
	GlobalSection(ExtensibilityGlobals) = postSolution
		SolutionGuid = {8E236731-E00D-4820-B76B-35EB6C5E887B}
	EndGlobalSection
EndGlobal
